// !$*UTF8*$!
{
	archiveVersion = 1;
	classes = {
	};
	objectVersion = 56;
	objects = {

/* Begin PBXBuildFile section */
		BA63C7142C72EB3B00C2513F /* AppDelegate.swift in Sources */ = {isa = PBXBuildFile; fileRef = BA63C7132C72EB3B00C2513F /* AppDelegate.swift */; };
		BA63C7162C72EB3B00C2513F /* SceneDelegate.swift in Sources */ = {isa = PBXBuildFile; fileRef = BA63C7152C72EB3B00C2513F /* SceneDelegate.swift */; };
		BA63C7182C72EB3B00C2513F /* ViewController.swift in Sources */ = {isa = PBXBuildFile; fileRef = BA63C7172C72EB3B00C2513F /* ViewController.swift */; };
		BA63C71B2C72EB3B00C2513F /* Base in Resources */ = {isa = PBXBuildFile; fileRef = BA63C71A2C72EB3B00C2513F /* Base */; };
		BA63C71E2C72EB3B00C2513F /* CalculatorOne.xcdatamodeld in Sources */ = {isa = PBXBuildFile; fileRef = BA63C71C2C72EB3B00C2513F /* CalculatorOne.xcdatamodeld */; };
		BA63C7202C72EB3C00C2513F /* Assets.xcassets in Resources */ = {isa = PBXBuildFile; fileRef = BA63C71F2C72EB3C00C2513F /* Assets.xcassets */; };
		BA63C7232C72EB3C00C2513F /* Base in Resources */ = {isa = PBXBuildFile; fileRef = BA63C7222C72EB3C00C2513F /* Base */; };
		BA63C72E2C72EB3C00C2513F /* CalculatorOneTests.swift in Sources */ = {isa = PBXBuildFile; fileRef = BA63C72D2C72EB3C00C2513F /* CalculatorOneTests.swift */; };
		BA63C7382C72EB3C00C2513F /* CalculatorOneUITests.swift in Sources */ = {isa = PBXBuildFile; fileRef = BA63C7372C72EB3C00C2513F /* CalculatorOneUITests.swift */; };
		BA63C73A2C72EB3C00C2513F /* CalculatorOneUITestsLaunchTests.swift in Sources */ = {isa = PBXBuildFile; fileRef = BA63C7392C72EB3C00C2513F /* CalculatorOneUITestsLaunchTests.swift */; };
/* End PBXBuildFile section */

/* Begin PBXContainerItemProxy section */
		BA63C72A2C72EB3C00C2513F /* PBXContainerItemProxy */ = {
			isa = PBXContainerItemProxy;
			containerPortal = BA63C7082C72EB3B00C2513F /* Project object */;
			proxyType = 1;
			remoteGlobalIDString = BA63C70F2C72EB3B00C2513F;
			remoteInfo = CalculatorOne;
		};
		BA63C7342C72EB3C00C2513F /* PBXContainerItemProxy */ = {
			isa = PBXContainerItemProxy;
			containerPortal = BA63C7082C72EB3B00C2513F /* Project object */;
			proxyType = 1;
			remoteGlobalIDString = BA63C70F2C72EB3B00C2513F;
			remoteInfo = CalculatorOne;
		};
/* End PBXContainerItemProxy section */

/* Begin PBXFileReference section */
		BA63C7102C72EB3B00C2513F /* CalculatorOne.app */ = {isa = PBXFileReference; explicitFileType = wrapper.application; includeInIndex = 0; path = CalculatorOne.app; sourceTree = BUILT_PRODUCTS_DIR; };
		BA63C7132C72EB3B00C2513F /* AppDelegate.swift */ = {isa = PBXFileReference; lastKnownFileType = sourcecode.swift; path = AppDelegate.swift; sourceTree = "<group>"; };
		BA63C7152C72EB3B00C2513F /* SceneDelegate.swift */ = {isa = PBXFileReference; lastKnownFileType = sourcecode.swift; path = SceneDelegate.swift; sourceTree = "<group>"; };
		BA63C7172C72EB3B00C2513F /* ViewController.swift */ = {isa = PBXFileReference; lastKnownFileType = sourcecode.swift; path = ViewController.swift; sourceTree = "<group>"; };
		BA63C71A2C72EB3B00C2513F /* Base */ = {isa = PBXFileReference; lastKnownFileType = file.storyboard; name = Base; path = Base.lproj/Main.storyboard; sourceTree = "<group>"; };
		BA63C71D2C72EB3B00C2513F /* CalculatorOne.xcdatamodel */ = {isa = PBXFileReference; lastKnownFileType = wrapper.xcdatamodel; path = CalculatorOne.xcdatamodel; sourceTree = "<group>"; };
		BA63C71F2C72EB3C00C2513F /* Assets.xcassets */ = {isa = PBXFileReference; lastKnownFileType = folder.assetcatalog; path = Assets.xcassets; sourceTree = "<group>"; };
		BA63C7222C72EB3C00C2513F /* Base */ = {isa = PBXFileReference; lastKnownFileType = file.storyboard; name = Base; path = Base.lproj/LaunchScreen.storyboard; sourceTree = "<group>"; };
		BA63C7242C72EB3C00C2513F /* Info.plist */ = {isa = PBXFileReference; lastKnownFileType = text.plist.xml; path = Info.plist; sourceTree = "<group>"; };
		BA63C7292C72EB3C00C2513F /* CalculatorOneTests.xctest */ = {isa = PBXFileReference; explicitFileType = wrapper.cfbundle; includeInIndex = 0; path = CalculatorOneTests.xctest; sourceTree = BUILT_PRODUCTS_DIR; };
		BA63C72D2C72EB3C00C2513F /* CalculatorOneTests.swift */ = {isa = PBXFileReference; lastKnownFileType = sourcecode.swift; path = CalculatorOneTests.swift; sourceTree = "<group>"; };
		BA63C7332C72EB3C00C2513F /* CalculatorOneUITests.xctest */ = {isa = PBXFileReference; explicitFileType = wrapper.cfbundle; includeInIndex = 0; path = CalculatorOneUITests.xctest; sourceTree = BUILT_PRODUCTS_DIR; };
		BA63C7372C72EB3C00C2513F /* CalculatorOneUITests.swift */ = {isa = PBXFileReference; lastKnownFileType = sourcecode.swift; path = CalculatorOneUITests.swift; sourceTree = "<group>"; };
		BA63C7392C72EB3C00C2513F /* CalculatorOneUITestsLaunchTests.swift */ = {isa = PBXFileReference; lastKnownFileType = sourcecode.swift; path = CalculatorOneUITestsLaunchTests.swift; sourceTree = "<group>"; };
/* End PBXFileReference section */

/* Begin PBXFrameworksBuildPhase section */
		BA63C70D2C72EB3B00C2513F /* Frameworks */ = {
			isa = PBXFrameworksBuildPhase;
			buildActionMask = 2147483647;
			files = (
			);
			runOnlyForDeploymentPostprocessing = 0;
		};
		BA63C7262C72EB3C00C2513F /* Frameworks */ = {
			isa = PBXFrameworksBuildPhase;
			buildActionMask = 2147483647;
			files = (
			);
			runOnlyForDeploymentPostprocessing = 0;
		};
		BA63C7302C72EB3C00C2513F /* Frameworks */ = {
			isa = PBXFrameworksBuildPhase;
			buildActionMask = 2147483647;
			files = (
			);
			runOnlyForDeploymentPostprocessing = 0;
		};
/* End PBXFrameworksBuildPhase section */

/* Begin PBXGroup section */
		BA63C7072C72EB3B00C2513F = {
			isa = PBXGroup;
			children = (
				BA63C7122C72EB3B00C2513F /* CalculatorOne */,
				BA63C72C2C72EB3C00C2513F /* CalculatorOneTests */,
				BA63C7362C72EB3C00C2513F /* CalculatorOneUITests */,
				BA63C7112C72EB3B00C2513F /* Products */,
			);
			sourceTree = "<group>";
		};
		BA63C7112C72EB3B00C2513F /* Products */ = {
			isa = PBXGroup;
			children = (
				BA63C7102C72EB3B00C2513F /* CalculatorOne.app */,
				BA63C7292C72EB3C00C2513F /* CalculatorOneTests.xctest */,
				BA63C7332C72EB3C00C2513F /* CalculatorOneUITests.xctest */,
			);
			name = Products;
			sourceTree = "<group>";
		};
		BA63C7122C72EB3B00C2513F /* CalculatorOne */ = {
			isa = PBXGroup;
			children = (
				BA63C7132C72EB3B00C2513F /* AppDelegate.swift */,
				BA63C7152C72EB3B00C2513F /* SceneDelegate.swift */,
				BA63C7172C72EB3B00C2513F /* ViewController.swift */,
				BA63C7192C72EB3B00C2513F /* Main.storyboard */,
				BA63C71F2C72EB3C00C2513F /* Assets.xcassets */,
				BA63C7212C72EB3C00C2513F /* LaunchScreen.storyboard */,
				BA63C7242C72EB3C00C2513F /* Info.plist */,
				BA63C71C2C72EB3B00C2513F /* CalculatorOne.xcdatamodeld */,
			);
			path = CalculatorOne;
			sourceTree = "<group>";
		};
		BA63C72C2C72EB3C00C2513F /* CalculatorOneTests */ = {
			isa = PBXGroup;
			children = (
				BA63C72D2C72EB3C00C2513F /* CalculatorOneTests.swift */,
			);
			path = CalculatorOneTests;
			sourceTree = "<group>";
		};
		BA63C7362C72EB3C00C2513F /* CalculatorOneUITests */ = {
			isa = PBXGroup;
			children = (
				BA63C7372C72EB3C00C2513F /* CalculatorOneUITests.swift */,
				BA63C7392C72EB3C00C2513F /* CalculatorOneUITestsLaunchTests.swift */,
			);
			path = CalculatorOneUITests;
			sourceTree = "<group>";
		};
/* End PBXGroup section */

/* Begin PBXNativeTarget section */
		BA63C70F2C72EB3B00C2513F /* CalculatorOne */ = {
			isa = PBXNativeTarget;
			buildConfigurationList = BA63C73D2C72EB3C00C2513F /* Build configuration list for PBXNativeTarget "CalculatorOne" */;
			buildPhases = (
				BA63C70C2C72EB3B00C2513F /* Sources */,
				BA63C70D2C72EB3B00C2513F /* Frameworks */,
				BA63C70E2C72EB3B00C2513F /* Resources */,
			);
			buildRules = (
			);
			dependencies = (
			);
			name = CalculatorOne;
			productName = CalculatorOne;
			productReference = BA63C7102C72EB3B00C2513F /* CalculatorOne.app */;
			productType = "com.apple.product-type.application";
		};
		BA63C7282C72EB3C00C2513F /* CalculatorOneTests */ = {
			isa = PBXNativeTarget;
			buildConfigurationList = BA63C7402C72EB3C00C2513F /* Build configuration list for PBXNativeTarget "CalculatorOneTests" */;
			buildPhases = (
				BA63C7252C72EB3C00C2513F /* Sources */,
				BA63C7262C72EB3C00C2513F /* Frameworks */,
				BA63C7272C72EB3C00C2513F /* Resources */,
			);
			buildRules = (
			);
			dependencies = (
				BA63C72B2C72EB3C00C2513F /* PBXTargetDependency */,
			);
			name = CalculatorOneTests;
			productName = CalculatorOneTests;
			productReference = BA63C7292C72EB3C00C2513F /* CalculatorOneTests.xctest */;
			productType = "com.apple.product-type.bundle.unit-test";
		};
		BA63C7322C72EB3C00C2513F /* CalculatorOneUITests */ = {
			isa = PBXNativeTarget;
			buildConfigurationList = BA63C7432C72EB3C00C2513F /* Build configuration list for PBXNativeTarget "CalculatorOneUITests" */;
			buildPhases = (
				BA63C72F2C72EB3C00C2513F /* Sources */,
				BA63C7302C72EB3C00C2513F /* Frameworks */,
				BA63C7312C72EB3C00C2513F /* Resources */,
			);
			buildRules = (
			);
			dependencies = (
				BA63C7352C72EB3C00C2513F /* PBXTargetDependency */,
			);
			name = CalculatorOneUITests;
			productName = CalculatorOneUITests;
			productReference = BA63C7332C72EB3C00C2513F /* CalculatorOneUITests.xctest */;
			productType = "com.apple.product-type.bundle.ui-testing";
		};
/* End PBXNativeTarget section */

/* Begin PBXProject section */
		BA63C7082C72EB3B00C2513F /* Project object */ = {
			isa = PBXProject;
			attributes = {
				BuildIndependentTargetsInParallel = 1;
				LastSwiftUpdateCheck = 1540;
				LastUpgradeCheck = 1540;
				TargetAttributes = {
					BA63C70F2C72EB3B00C2513F = {
						CreatedOnToolsVersion = 15.4;
					};
					BA63C7282C72EB3C00C2513F = {
						CreatedOnToolsVersion = 15.4;
						TestTargetID = BA63C70F2C72EB3B00C2513F;
					};
					BA63C7322C72EB3C00C2513F = {
						CreatedOnToolsVersion = 15.4;
						TestTargetID = BA63C70F2C72EB3B00C2513F;
					};
				};
			};
			buildConfigurationList = BA63C70B2C72EB3B00C2513F /* Build configuration list for PBXProject "CalculatorOne" */;
			compatibilityVersion = "Xcode 14.0";
			developmentRegion = en;
			hasScannedForEncodings = 0;
			knownRegions = (
				en,
				Base,
			);
			mainGroup = BA63C7072C72EB3B00C2513F;
			productRefGroup = BA63C7112C72EB3B00C2513F /* Products */;
			projectDirPath = "";
			projectRoot = "";
			targets = (
				BA63C70F2C72EB3B00C2513F /* CalculatorOne */,
				BA63C7282C72EB3C00C2513F /* CalculatorOneTests */,
				BA63C7322C72EB3C00C2513F /* CalculatorOneUITests */,
			);
		};
/* End PBXProject section */

/* Begin PBXResourcesBuildPhase section */
		BA63C70E2C72EB3B00C2513F /* Resources */ = {
			isa = PBXResourcesBuildPhase;
			buildActionMask = 2147483647;
			files = (
				BA63C7202C72EB3C00C2513F /* Assets.xcassets in Resources */,
				BA63C7232C72EB3C00C2513F /* Base in Resources */,
				BA63C71B2C72EB3B00C2513F /* Base in Resources */,
			);
			runOnlyForDeploymentPostprocessing = 0;
		};
		BA63C7272C72EB3C00C2513F /* Resources */ = {
			isa = PBXResourcesBuildPhase;
			buildActionMask = 2147483647;
			files = (
			);
			runOnlyForDeploymentPostprocessing = 0;
		};
		BA63C7312C72EB3C00C2513F /* Resources */ = {
			isa = PBXResourcesBuildPhase;
			buildActionMask = 2147483647;
			files = (
			);
			runOnlyForDeploymentPostprocessing = 0;
		};
/* End PBXResourcesBuildPhase section */

/* Begin PBXSourcesBuildPhase section */
		BA63C70C2C72EB3B00C2513F /* Sources */ = {
			isa = PBXSourcesBuildPhase;
			buildActionMask = 2147483647;
			files = (
				BA63C7182C72EB3B00C2513F /* ViewController.swift in Sources */,
				BA63C7142C72EB3B00C2513F /* AppDelegate.swift in Sources */,
				BA63C71E2C72EB3B00C2513F /* CalculatorOne.xcdatamodeld in Sources */,
				BA63C7162C72EB3B00C2513F /* SceneDelegate.swift in Sources */,
			);
			runOnlyForDeploymentPostprocessing = 0;
		};
		BA63C7252C72EB3C00C2513F /* Sources */ = {
			isa = PBXSourcesBuildPhase;
			buildActionMask = 2147483647;
			files = (
				BA63C72E2C72EB3C00C2513F /* CalculatorOneTests.swift in Sources */,
			);
			runOnlyForDeploymentPostprocessing = 0;
		};
		BA63C72F2C72EB3C00C2513F /* Sources */ = {
			isa = PBXSourcesBuildPhase;
			buildActionMask = 2147483647;
			files = (
				BA63C7382C72EB3C00C2513F /* CalculatorOneUITests.swift in Sources */,
				BA63C73A2C72EB3C00C2513F /* CalculatorOneUITestsLaunchTests.swift in Sources */,
			);
			runOnlyForDeploymentPostprocessing = 0;
		};
/* End PBXSourcesBuildPhase section */

/* Begin PBXTargetDependency section */
		BA63C72B2C72EB3C00C2513F /* PBXTargetDependency */ = {
			isa = PBXTargetDependency;
			target = BA63C70F2C72EB3B00C2513F /* CalculatorOne */;
			targetProxy = BA63C72A2C72EB3C00C2513F /* PBXContainerItemProxy */;
		};
		BA63C7352C72EB3C00C2513F /* PBXTargetDependency */ = {
			isa = PBXTargetDependency;
			target = BA63C70F2C72EB3B00C2513F /* CalculatorOne */;
			targetProxy = BA63C7342C72EB3C00C2513F /* PBXContainerItemProxy */;
		};
/* End PBXTargetDependency section */

/* Begin PBXVariantGroup section */
		BA63C7192C72EB3B00C2513F /* Main.storyboard */ = {
			isa = PBXVariantGroup;
			children = (
				BA63C71A2C72EB3B00C2513F /* Base */,
			);
			name = Main.storyboard;
			sourceTree = "<group>";
		};
		BA63C7212C72EB3C00C2513F /* LaunchScreen.storyboard */ = {
			isa = PBXVariantGroup;
			children = (
				BA63C7222C72EB3C00C2513F /* Base */,
			);
			name = LaunchScreen.storyboard;
			sourceTree = "<group>";
		};
/* End PBXVariantGroup section */

/* Begin XCBuildConfiguration section */
		BA63C73B2C72EB3C00C2513F /* Debug */ = {
			isa = XCBuildConfiguration;
			buildSettings = {
				ALWAYS_SEARCH_USER_PATHS = NO;
				ASSETCATALOG_COMPILER_GENERATE_SWIFT_ASSET_SYMBOL_EXTENSIONS = YES;
				CLANG_ANALYZER_NONNULL = YES;
				CLANG_ANALYZER_NUMBER_OBJECT_CONVERSION = YES_AGGRESSIVE;
				CLANG_CXX_LANGUAGE_STANDARD = "gnu++20";
				CLANG_ENABLE_MODULES = YES;
				CLANG_ENABLE_OBJC_ARC = YES;
				CLANG_ENABLE_OBJC_WEAK = YES;
				CLANG_WARN_BLOCK_CAPTURE_AUTORELEASING = YES;
				CLANG_WARN_BOOL_CONVERSION = YES;
				CLANG_WARN_COMMA = YES;
				CLANG_WARN_CONSTANT_CONVERSION = YES;
				CLANG_WARN_DEPRECATED_OBJC_IMPLEMENTATIONS = YES;
				CLANG_WARN_DIRECT_OBJC_ISA_USAGE = YES_ERROR;
				CLANG_WARN_DOCUMENTATION_COMMENTS = YES;
				CLANG_WARN_EMPTY_BODY = YES;
				CLANG_WARN_ENUM_CONVERSION = YES;
				CLANG_WARN_INFINITE_RECURSION = YES;
				CLANG_WARN_INT_CONVERSION = YES;
				CLANG_WARN_NON_LITERAL_NULL_CONVERSION = YES;
				CLANG_WARN_OBJC_IMPLICIT_RETAIN_SELF = YES;
				CLANG_WARN_OBJC_LITERAL_CONVERSION = YES;
				CLANG_WARN_OBJC_ROOT_CLASS = YES_ERROR;
				CLANG_WARN_QUOTED_INCLUDE_IN_FRAMEWORK_HEADER = YES;
				CLANG_WARN_RANGE_LOOP_ANALYSIS = YES;
				CLANG_WARN_STRICT_PROTOTYPES = YES;
				CLANG_WARN_SUSPICIOUS_MOVE = YES;
				CLANG_WARN_UNGUARDED_AVAILABILITY = YES_AGGRESSIVE;
				CLANG_WARN_UNREACHABLE_CODE = YES;
				CLANG_WARN__DUPLICATE_METHOD_MATCH = YES;
				COPY_PHASE_STRIP = NO;
				DEBUG_INFORMATION_FORMAT = dwarf;
				ENABLE_STRICT_OBJC_MSGSEND = YES;
				ENABLE_TESTABILITY = YES;
				ENABLE_USER_SCRIPT_SANDBOXING = YES;
				GCC_C_LANGUAGE_STANDARD = gnu17;
				GCC_DYNAMIC_NO_PIC = NO;
				GCC_NO_COMMON_BLOCKS = YES;
				GCC_OPTIMIZATION_LEVEL = 0;
				GCC_PREPROCESSOR_DEFINITIONS = (
					"DEBUG=1",
					"$(inherited)",
				);
				GCC_WARN_64_TO_32_BIT_CONVERSION = YES;
				GCC_WARN_ABOUT_RETURN_TYPE = YES_ERROR;
				GCC_WARN_UNDECLARED_SELECTOR = YES;
				GCC_WARN_UNINITIALIZED_AUTOS = YES_AGGRESSIVE;
				GCC_WARN_UNUSED_FUNCTION = YES;
				GCC_WARN_UNUSED_VARIABLE = YES;
				IPHONEOS_DEPLOYMENT_TARGET = 17.5;
				LOCALIZATION_PREFERS_STRING_CATALOGS = YES;
				MTL_ENABLE_DEBUG_INFO = INCLUDE_SOURCE;
				MTL_FAST_MATH = YES;
				ONLY_ACTIVE_ARCH = YES;
				SDKROOT = iphoneos;
				SWIFT_ACTIVE_COMPILATION_CONDITIONS = "DEBUG $(inherited)";
				SWIFT_OPTIMIZATION_LEVEL = "-Onone";
			};
			name = Debug;
		};
		BA63C73C2C72EB3C00C2513F /* Release */ = {
			isa = XCBuildConfiguration;
			buildSettings = {
				ALWAYS_SEARCH_USER_PATHS = NO;
				ASSETCATALOG_COMPILER_GENERATE_SWIFT_ASSET_SYMBOL_EXTENSIONS = YES;
				CLANG_ANALYZER_NONNULL = YES;
				CLANG_ANALYZER_NUMBER_OBJECT_CONVERSION = YES_AGGRESSIVE;
				CLANG_CXX_LANGUAGE_STANDARD = "gnu++20";
				CLANG_ENABLE_MODULES = YES;
				CLANG_ENABLE_OBJC_ARC = YES;
				CLANG_ENABLE_OBJC_WEAK = YES;
				CLANG_WARN_BLOCK_CAPTURE_AUTORELEASING = YES;
				CLANG_WARN_BOOL_CONVERSION = YES;
				CLANG_WARN_COMMA = YES;
				CLANG_WARN_CONSTANT_CONVERSION = YES;
				CLANG_WARN_DEPRECATED_OBJC_IMPLEMENTATIONS = YES;
				CLANG_WARN_DIRECT_OBJC_ISA_USAGE = YES_ERROR;
				CLANG_WARN_DOCUMENTATION_COMMENTS = YES;
				CLANG_WARN_EMPTY_BODY = YES;
				CLANG_WARN_ENUM_CONVERSION = YES;
				CLANG_WARN_INFINITE_RECURSION = YES;
				CLANG_WARN_INT_CONVERSION = YES;
				CLANG_WARN_NON_LITERAL_NULL_CONVERSION = YES;
				CLANG_WARN_OBJC_IMPLICIT_RETAIN_SELF = YES;
				CLANG_WARN_OBJC_LITERAL_CONVERSION = YES;
				CLANG_WARN_OBJC_ROOT_CLASS = YES_ERROR;
				CLANG_WARN_QUOTED_INCLUDE_IN_FRAMEWORK_HEADER = YES;
				CLANG_WARN_RANGE_LOOP_ANALYSIS = YES;
				CLANG_WARN_STRICT_PROTOTYPES = YES;
				CLANG_WARN_SUSPICIOUS_MOVE = YES;
				CLANG_WARN_UNGUARDED_AVAILABILITY = YES_AGGRESSIVE;
				CLANG_WARN_UNREACHABLE_CODE = YES;
				CLANG_WARN__DUPLICATE_METHOD_MATCH = YES;
				COPY_PHASE_STRIP = NO;
				DEBUG_INFORMATION_FORMAT = "dwarf-with-dsym";
				ENABLE_NS_ASSERTIONS = NO;
				ENABLE_STRICT_OBJC_MSGSEND = YES;
				ENABLE_USER_SCRIPT_SANDBOXING = YES;
				GCC_C_LANGUAGE_STANDARD = gnu17;
				GCC_NO_COMMON_BLOCKS = YES;
				GCC_WARN_64_TO_32_BIT_CONVERSION = YES;
				GCC_WARN_ABOUT_RETURN_TYPE = YES_ERROR;
				GCC_WARN_UNDECLARED_SELECTOR = YES;
				GCC_WARN_UNINITIALIZED_AUTOS = YES_AGGRESSIVE;
				GCC_WARN_UNUSED_FUNCTION = YES;
				GCC_WARN_UNUSED_VARIABLE = YES;
				IPHONEOS_DEPLOYMENT_TARGET = 17.5;
				LOCALIZATION_PREFERS_STRING_CATALOGS = YES;
				MTL_ENABLE_DEBUG_INFO = NO;
				MTL_FAST_MATH = YES;
				SDKROOT = iphoneos;
				SWIFT_COMPILATION_MODE = wholemodule;
				VALIDATE_PRODUCT = YES;
			};
			name = Release;
		};
		BA63C73E2C72EB3C00C2513F /* Debug */ = {
			isa = XCBuildConfiguration;
			buildSettings = {
				ASSETCATALOG_COMPILER_APPICON_NAME = AppIcon;
				ASSETCATALOG_COMPILER_GLOBAL_ACCENT_COLOR_NAME = AccentColor;
				CODE_SIGN_STYLE = Automatic;
				CURRENT_PROJECT_VERSION = 1;
				DEVELOPMENT_TEAM = PTFT6R3TR3;
				GENERATE_INFOPLIST_FILE = YES;
				INFOPLIST_FILE = CalculatorOne/Info.plist;
				INFOPLIST_KEY_UIApplicationSupportsIndirectInputEvents = YES;
				INFOPLIST_KEY_UILaunchStoryboardName = LaunchScreen;
				INFOPLIST_KEY_UIMainStoryboardFile = Main;
				INFOPLIST_KEY_UISupportedInterfaceOrientations_iPad = "UIInterfaceOrientationPortrait UIInterfaceOrientationPortraitUpsideDown UIInterfaceOrientationLandscapeLeft UIInterfaceOrientationLandscapeRight";
				INFOPLIST_KEY_UISupportedInterfaceOrientations_iPhone = "UIInterfaceOrientationPortrait UIInterfaceOrientationLandscapeLeft UIInterfaceOrientationLandscapeRight";
				LD_RUNPATH_SEARCH_PATHS = (
					"$(inherited)",
					"@executable_path/Frameworks",
				);
				MARKETING_VERSION = 1.0;
				PRODUCT_BUNDLE_IDENTIFIER = rhw.CalculatorOne;
				PRODUCT_NAME = "$(TARGET_NAME)";
				SWIFT_EMIT_LOC_STRINGS = YES;
				SWIFT_VERSION = 5.0;
				TARGETED_DEVICE_FAMILY = "1,2";
			};
			name = Debug;
		};
		BA63C73F2C72EB3C00C2513F /* Release */ = {
			isa = XCBuildConfiguration;
			buildSettings = {
				ASSETCATALOG_COMPILER_APPICON_NAME = AppIcon;
				ASSETCATALOG_COMPILER_GLOBAL_ACCENT_COLOR_NAME = AccentColor;
				CODE_SIGN_STYLE = Automatic;
				CURRENT_PROJECT_VERSION = 1;
				DEVELOPMENT_TEAM = PTFT6R3TR3;
				GENERATE_INFOPLIST_FILE = YES;
				INFOPLIST_FILE = CalculatorOne/Info.plist;
				INFOPLIST_KEY_UIApplicationSupportsIndirectInputEvents = YES;
				INFOPLIST_KEY_UILaunchStoryboardName = LaunchScreen;
				INFOPLIST_KEY_UIMainStoryboardFile = Main;
				INFOPLIST_KEY_UISupportedInterfaceOrientations_iPad = "UIInterfaceOrientationPortrait UIInterfaceOrientationPortraitUpsideDown UIInterfaceOrientationLandscapeLeft UIInterfaceOrientationLandscapeRight";
				INFOPLIST_KEY_UISupportedInterfaceOrientations_iPhone = "UIInterfaceOrientationPortrait UIInterfaceOrientationLandscapeLeft UIInterfaceOrientationLandscapeRight";
				LD_RUNPATH_SEARCH_PATHS = (
					"$(inherited)",
					"@executable_path/Frameworks",
				);
				MARKETING_VERSION = 1.0;
				PRODUCT_BUNDLE_IDENTIFIER = rhw.CalculatorOne;
				PRODUCT_NAME = "$(TARGET_NAME)";
				SWIFT_EMIT_LOC_STRINGS = YES;
				SWIFT_VERSION = 5.0;
				TARGETED_DEVICE_FAMILY = "1,2";
			};
			name = Release;
		};
		BA63C7412C72EB3C00C2513F /* Debug */ = {
			isa = XCBuildConfiguration;
			buildSettings = {
				ALWAYS_EMBED_SWIFT_STANDARD_LIBRARIES = YES;
				BUNDLE_LOADER = "$(TEST_HOST)";
				CODE_SIGN_STYLE = Automatic;
				CURRENT_PROJECT_VERSION = 1;
				DEVELOPMENT_TEAM = PTFT6R3TR3;
				GENERATE_INFOPLIST_FILE = YES;
				IPHONEOS_DEPLOYMENT_TARGET = 17.5;
				MARKETING_VERSION = 1.0;
				PRODUCT_BUNDLE_IDENTIFIER = rhw.CalculatorOneTests;
				PRODUCT_NAME = "$(TARGET_NAME)";
				SWIFT_EMIT_LOC_STRINGS = NO;
				SWIFT_VERSION = 5.0;
				TARGETED_DEVICE_FAMILY = "1,2";
				TEST_HOST = "$(BUILT_PRODUCTS_DIR)/CalculatorOne.app/$(BUNDLE_EXECUTABLE_FOLDER_PATH)/CalculatorOne";
			};
			name = Debug;
		};
		BA63C7422C72EB3C00C2513F /* Release */ = {
			isa = XCBuildConfiguration;
			buildSettings = {
				ALWAYS_EMBED_SWIFT_STANDARD_LIBRARIES = YES;
				BUNDLE_LOADER = "$(TEST_HOST)";
				CODE_SIGN_STYLE = Automatic;
				CURRENT_PROJECT_VERSION = 1;
				DEVELOPMENT_TEAM = PTFT6R3TR3;
				GENERATE_INFOPLIST_FILE = YES;
				IPHONEOS_DEPLOYMENT_TARGET = 17.5;
				MARKETING_VERSION = 1.0;
				PRODUCT_BUNDLE_IDENTIFIER = rhw.CalculatorOneTests;
				PRODUCT_NAME = "$(TARGET_NAME)";
				SWIFT_EMIT_LOC_STRINGS = NO;
				SWIFT_VERSION = 5.0;
				TARGETED_DEVICE_FAMILY = "1,2";
				TEST_HOST = "$(BUILT_PRODUCTS_DIR)/CalculatorOne.app/$(BUNDLE_EXECUTABLE_FOLDER_PATH)/CalculatorOne";
			};
			name = Release;
		};
		BA63C7442C72EB3C00C2513F /* Debug */ = {
			isa = XCBuildConfiguration;
			buildSettings = {
				ALWAYS_EMBED_SWIFT_STANDARD_LIBRARIES = YES;
				CODE_SIGN_STYLE = Automatic;
				CURRENT_PROJECT_VERSION = 1;
				DEVELOPMENT_TEAM = PTFT6R3TR3;
				GENERATE_INFOPLIST_FILE = YES;
				MARKETING_VERSION = 1.0;
				PRODUCT_BUNDLE_IDENTIFIER = rhw.CalculatorOneUITests;
				PRODUCT_NAME = "$(TARGET_NAME)";
				SWIFT_EMIT_LOC_STRINGS = NO;
				SWIFT_VERSION = 5.0;
				TARGETED_DEVICE_FAMILY = "1,2";
				TEST_TARGET_NAME = CalculatorOne;
			};
			name = Debug;
		};
		BA63C7452C72EB3C00C2513F /* Release */ = {
			isa = XCBuildConfiguration;
			buildSettings = {
				ALWAYS_EMBED_SWIFT_STANDARD_LIBRARIES = YES;
				CODE_SIGN_STYLE = Automatic;
				CURRENT_PROJECT_VERSION = 1;
				DEVELOPMENT_TEAM = PTFT6R3TR3;
				GENERATE_INFOPLIST_FILE = YES;
				MARKETING_VERSION = 1.0;
				PRODUCT_BUNDLE_IDENTIFIER = rhw.CalculatorOneUITests;
				PRODUCT_NAME = "$(TARGET_NAME)";
				SWIFT_EMIT_LOC_STRINGS = NO;
				SWIFT_VERSION = 5.0;
				TARGETED_DEVICE_FAMILY = "1,2";
				TEST_TARGET_NAME = CalculatorOne;
			};
			name = Release;
		};
/* End XCBuildConfiguration section */

/* Begin XCConfigurationList section */
		BA63C70B2C72EB3B00C2513F /* Build configuration list for PBXProject "CalculatorOne" */ = {
			isa = XCConfigurationList;
			buildConfigurations = (
				BA63C73B2C72EB3C00C2513F /* Debug */,
				BA63C73C2C72EB3C00C2513F /* Release */,
			);
			defaultConfigurationIsVisible = 0;
			defaultConfigurationName = Release;
		};
		BA63C73D2C72EB3C00C2513F /* Build configuration list for PBXNativeTarget "CalculatorOne" */ = {
			isa = XCConfigurationList;
			buildConfigurations = (
				BA63C73E2C72EB3C00C2513F /* Debug */,
				BA63C73F2C72EB3C00C2513F /* Release */,
			);
			defaultConfigurationIsVisible = 0;
			defaultConfigurationName = Release;
		};
		BA63C7402C72EB3C00C2513F /* Build configuration list for PBXNativeTarget "CalculatorOneTests" */ = {
			isa = XCConfigurationList;
			buildConfigurations = (
				BA63C7412C72EB3C00C2513F /* Debug */,
				BA63C7422C72EB3C00C2513F /* Release */,
			);
			defaultConfigurationIsVisible = 0;
			defaultConfigurationName = Release;
		};
		BA63C7432C72EB3C00C2513F /* Build configuration list for PBXNativeTarget "CalculatorOneUITests" */ = {
			isa = XCConfigurationList;
			buildConfigurations = (
				BA63C7442C72EB3C00C2513F /* Debug */,
				BA63C7452C72EB3C00C2513F /* Release */,
			);
			defaultConfigurationIsVisible = 0;
			defaultConfigurationName = Release;
		};
/* End XCConfigurationList section */

/* Begin XCVersionGroup section */
		BA63C71C2C72EB3B00C2513F /* CalculatorOne.xcdatamodeld */ = {
			isa = XCVersionGroup;
			children = (
				BA63C71D2C72EB3B00C2513F /* CalculatorOne.xcdatamodel */,
			);
			currentVersion = BA63C71D2C72EB3B00C2513F /* CalculatorOne.xcdatamodel */;
			path = CalculatorOne.xcdatamodeld;
			sourceTree = "<group>";
			versionGroupType = wrapper.xcdatamodel;
		};
/* End XCVersionGroup section */
	};
	rootObject = BA63C7082C72EB3B00C2513F /* Project object */;
}
